
Microsoft Visual Studio Solution File, Format Version 12.00
# Visual Studio Version 16
VisualStudioVersion = 16.0.31105.61
MinimumVisualStudioVersion = 10.0.40219.1
Project("{9A19103F-16F7-4668-BE54-9A1E7A4F7556}") = "BattleshipEngine", "BattleshipEngine.csproj", "{00F120D0-3772-4983-AA9C-A5640FF5A977}"
EndProject
Project("{FAE04EC0-301F-11D3-BF4B-00C04F79EFBC}") = "TestBattleshipUI", "..\TestBattleshipUI\TestBattleshipUI.csproj", "{D41363AF-532B-495B-A209-AA7ABF080281}"
EndProject
Global
	GlobalSection(SolutionConfigurationPlatforms) = preSolution
		Debug|Any CPU = Debug|Any CPU
		Release|Any CPU = Release|Any CPU
	EndGlobalSection
	GlobalSection(ProjectConfigurationPlatforms) = postSolution
		{00F120D0-3772-4983-AA9C-A5640FF5A977}.Debug|Any CPU.ActiveCfg = Debug|Any CPU
		{00F120D0-3772-4983-AA9C-A5640FF5A977}.Debug|Any CPU.Build.0 = Debug|Any CPU
		{00F120D0-3772-4983-AA9C-A5640FF5A977}.Release|Any CPU.ActiveCfg = Release|Any CPU
		{00F120D0-3772-4983-AA9C-A5640FF5A977}.Release|Any CPU.Build.0 = Release|Any CPU
		{D41363AF-532B-495B-A209-AA7ABF080281}.Debug|Any CPU.ActiveCfg = Debug|Any CPU
		{D41363AF-532B-495B-A209-AA7ABF080281}.Debug|Any CPU.Build.0 = Debug|Any CPU
		{D41363AF-532B-495B-A209-AA7ABF080281}.Release|Any CPU.ActiveCfg = Release|Any CPU
		{D41363AF-532B-495B-A209-AA7ABF080281}.Release|Any CPU.Build.0 = Release|Any CPU
	EndGlobalSection
	GlobalSection(SolutionProperties) = preSolution
		HideSolutionNode = FALSE
	EndGlobalSection
	GlobalSection(ExtensibilityGlobals) = postSolution
		SolutionGuid = {40165C6E-4682-4A6E-942C-AB98DDD0A6D2}
	EndGlobalSection
EndGlobal
